
Microsoft Visual Studio Solution File, Format Version 12.00
# Visual Studio 14
VisualStudioVersion = 14.0.25123.0
MinimumVisualStudioVersion = 10.0.40219.1
Project("{FAE04EC0-301F-11D3-BF4B-00C04F79EFBC}") = "TimeLineDataEditor", "TimeLineDataEditor\TimeLineDataEditor.csproj", "{3C6382C3-B154-420E-A802-DA06789326B2}"
EndProject
Project("{FAE04EC0-301F-11D3-BF4B-00C04F79EFBC}") = "TimeLineDataEditorTest", "TimeLineDataEditorTest\TimeLineDataEditorTest.csproj", "{CD5979BD-DFD3-447B-93B0-C4A298249C4E}"
EndProject
Global
	GlobalSection(SolutionConfigurationPlatforms) = preSolution
		Debug|Any CPU = Debug|Any CPU
		Release|Any CPU = Release|Any CPU
	EndGlobalSection
	GlobalSection(ProjectConfigurationPlatforms) = postSolution
		{3C6382C3-B154-420E-A802-DA06789326B2}.Debug|Any CPU.ActiveCfg = Debug|Any CPU
		{3C6382C3-B154-420E-A802-DA06789326B2}.Debug|Any CPU.Build.0 = Debug|Any CPU
		{3C6382C3-B154-420E-A802-DA06789326B2}.Release|Any CPU.ActiveCfg = Release|Any CPU
		{3C6382C3-B154-420E-A802-DA06789326B2}.Release|Any CPU.Build.0 = Release|Any CPU
		{CD5979BD-DFD3-447B-93B0-C4A298249C4E}.Debug|Any CPU.ActiveCfg = Debug|Any CPU
		{CD5979BD-DFD3-447B-93B0-C4A298249C4E}.Debug|Any CPU.Build.0 = Debug|Any CPU
		{CD5979BD-DFD3-447B-93B0-C4A298249C4E}.Release|Any CPU.ActiveCfg = Release|Any CPU
		{CD5979BD-DFD3-447B-93B0-C4A298249C4E}.Release|Any CPU.Build.0 = Release|Any CPU
	EndGlobalSection
	GlobalSection(SolutionProperties) = preSolution
		HideSolutionNode = FALSE
	EndGlobalSection
EndGlobal
